Microsoft Visual Studio Solution File, Format Version 11.00
# Visual Studio 2008

Project("{F83DE606-1ACC-50EB-D243-BCD776AC0727}") = "TeamBakery-master", "Assembly-CSharp.csproj", "{DAA16F74-A2AD-5B45-BE10-464B31820390}"
EndProject
Project("{F83DE606-1ACC-50EB-D243-BCD776AC0727}") = "TeamBakery-master", "Assembly-CSharp-Editor.csproj", "{88A07CD3-8C35-75C5-34DC-58E59C7B4CF8}"
EndProject
Global
	GlobalSection(SolutionConfigurationPlatforms) = preSolution
		Debug|Any CPU = Debug|Any CPU
		Release|Any CPU = Release|Any CPU
	EndGlobalSection
	GlobalSection(ProjectConfigurationPlatforms) = postSolution
		{DAA16F74-A2AD-5B45-BE10-464B31820390}.Debug|Any CPU.ActiveCfg = Debug|Any CPU
		{DAA16F74-A2AD-5B45-BE10-464B31820390}.Debug|Any CPU.Build.0 = Debug|Any CPU
		{DAA16F74-A2AD-5B45-BE10-464B31820390}.Release|Any CPU.ActiveCfg = Release|Any CPU
		{DAA16F74-A2AD-5B45-BE10-464B31820390}.Release|Any CPU.Build.0 = Release|Any CPU
		{88A07CD3-8C35-75C5-34DC-58E59C7B4CF8}.Debug|Any CPU.ActiveCfg = Debug|Any CPU
		{88A07CD3-8C35-75C5-34DC-58E59C7B4CF8}.Debug|Any CPU.Build.0 = Debug|Any CPU
		{88A07CD3-8C35-75C5-34DC-58E59C7B4CF8}.Release|Any CPU.ActiveCfg = Release|Any CPU
		{88A07CD3-8C35-75C5-34DC-58E59C7B4CF8}.Release|Any CPU.Build.0 = Release|Any CPU
	EndGlobalSection
	GlobalSection(SolutionProperties) = preSolution
		HideSolutionNode = FALSE
	EndGlobalSection
																																																GlobalSection(MonoDevelopProperties) = preSolution
		StartupItem = Assembly-CSharp.csproj
		Policies = $0
		$0.TextStylePolicy = $1
		$1.inheritsSet = null
		$1.scope = text/x-csharp
		$0.CSharpFormattingPolicy = $2
		$2.inheritsSet = Mono
		$2.inheritsScope = text/x-csharp
		$2.scope = text/x-csharp
		$0.TextStylePolicy = $3
		$3.FileWidth = 120
		$3.TabWidth = 4
		$3.EolMarker = Unix
		$3.inheritsSet = Mono
		$3.inheritsScope = text/plain
		$3.scope = text/plain
	EndGlobalSection

EndGlobal
